
Microsoft Visual Studio Solution File, Format Version 12.00
# Visual Studio Version 17
VisualStudioVersion = 17.8.34322.80
MinimumVisualStudioVersion = 10.0.40219.1
Project("{FAE04EC0-301F-11D3-BF4B-00C04F79EFBC}") = "WebApi", "WebApi\WebApi.csproj", "{910CD236-D0B2-4110-8036-F65680F394CC}"
EndProject
Project("{FAE04EC0-301F-11D3-BF4B-00C04F79EFBC}") = "Padurariu_Liviu_Lab11", "Padurariu_Liviu_Lab11\Padurariu_Liviu_Lab11.csproj", "{76A68F12-A3BE-46B9-842B-76E7134A9756}"
EndProject
Global
	GlobalSection(SolutionConfigurationPlatforms) = preSolution
		Debug|Any CPU = Debug|Any CPU
		Release|Any CPU = Release|Any CPU
	EndGlobalSection
	GlobalSection(ProjectConfigurationPlatforms) = postSolution
		{910CD236-D0B2-4110-8036-F65680F394CC}.Debug|Any CPU.ActiveCfg = Debug|Any CPU
		{910CD236-D0B2-4110-8036-F65680F394CC}.Debug|Any CPU.Build.0 = Debug|Any CPU
		{910CD236-D0B2-4110-8036-F65680F394CC}.Release|Any CPU.ActiveCfg = Release|Any CPU
		{910CD236-D0B2-4110-8036-F65680F394CC}.Release|Any CPU.Build.0 = Release|Any CPU
		{76A68F12-A3BE-46B9-842B-76E7134A9756}.Debug|Any CPU.ActiveCfg = Debug|Any CPU
		{76A68F12-A3BE-46B9-842B-76E7134A9756}.Debug|Any CPU.Build.0 = Debug|Any CPU
		{76A68F12-A3BE-46B9-842B-76E7134A9756}.Debug|Any CPU.Deploy.0 = Debug|Any CPU
		{76A68F12-A3BE-46B9-842B-76E7134A9756}.Release|Any CPU.ActiveCfg = Release|Any CPU
		{76A68F12-A3BE-46B9-842B-76E7134A9756}.Release|Any CPU.Build.0 = Release|Any CPU
		{76A68F12-A3BE-46B9-842B-76E7134A9756}.Release|Any CPU.Deploy.0 = Release|Any CPU
	EndGlobalSection
	GlobalSection(SolutionProperties) = preSolution
		HideSolutionNode = FALSE
	EndGlobalSection
	GlobalSection(ExtensibilityGlobals) = postSolution
		SolutionGuid = {79B8B642-93D2-40B0-9BBA-6350A4F5FBFE}
	EndGlobalSection
EndGlobal
